Microsoft Visual Studio Solution File, Format Version 12.00
# Visual Studio Version 16
VisualStudioVersion = 16.0.31025.194
MinimumVisualStudioVersion = 10.0.40219.1
Project("{FAE04EC0-301F-11D3-BF4B-00C04F79EFBC}") = "DeliveryOrderSystem", "DeliveryOrderSystem\DeliveryOrderSystem.csproj", "{8B0E62A9-3F6B-4F8A-9F8B-2F6C8E8F8D9A}"
EndProject
Project("{FAE04EC0-301F-11D3-BF4B-00C04F79EFBC}") = "DeliveryOrderSystem.Tests", "DeliveryOrderSystem.Tests\DeliveryOrderSystem.Tests.csproj", "{9A0E62A9-3F6B-4F8A-9F8B-2F6C8E8F8D9B}"
EndProject
Global
	GlobalSection(SolutionConfigurationPlatforms) = preSolution
		Debug|Any CPU = Debug|Any CPU
		Release|Any CPU = Release|Any CPU
	EndGlobalSection
	GlobalSection(ProjectConfigurationPlatforms) = postSolution
		{8B0E62A9-3F6B-4F8A-9F8B-2F6C8E8F8D9A}.Debug|Any CPU.ActiveCfg = Debug|Any CPU
		{8B0E62A9-3F6B-4F8A-9F8B-2F6C8E8F8D9A}.Debug|Any CPU.Build.0 = Debug|Any CPU
		{8B0E62A9-3F6B-4F8A-9F8B-2F6C8E8F8D9A}.Release|Any CPU.ActiveCfg = Release|Any CPU
		{8B0E62A9-3F6B-4F8A-9F8B-2F6C8E8F8D9A}.Release|Any CPU.Build.0 = Release|Any CPU
		{9A0E62A9-3F6B-4F8A-9F8B-2F6C8E8F8D9B}.Debug|Any CPU.ActiveCfg = Debug|Any CPU
		{9A0E62A9-3F6B-4F8A-9F8B-2F6C8E8F8D9B}.Debug|Any CPU.Build.0 = Debug|Any CPU
		{9A0E62A9-3F6B-4F8A-9F8B-2F6C8E8F8D9B}.Release|Any CPU.ActiveCfg = Release|Any CPU
		{9A0E62A9-3F6B-4F8A-9F8B-2F6C8E8F8D9B}.Release|Any CPU.Build.0 = Release|Any CPU
	EndGlobalSection
	GlobalSection(SolutionProperties) = preSolution
		HideSolutionNode = FALSE
	EndGlobalSection
	GlobalSection(ExtensibilityGlobals) = postSolution
		SolutionGuid = {2A0E62A9-3F6B-4F8A-9F8B-2F6C8E8F8D9C}
	EndGlobalSection
EndGlobal